
Microsoft Visual Studio Solution File, Format Version 11.00
# Visual Studio 2010
Project("{FAE04EC0-301F-11D3-BF4B-00C04F79EFBC}") = "OldCabellMural", "Assembly-CSharp.csproj", "{C7DF0277-8124-0D41-293B-00C6DCB6409E}"
EndProject
Project("{FAE04EC0-301F-11D3-BF4B-00C04F79EFBC}") = "OldCabellMural", "Assembly-CSharp-Editor.csproj", "{73B3196B-D7C6-4752-DAC5-8C7AB91C2D21}"
EndProject
Global
	GlobalSection(SolutionConfigurationPlatforms) = preSolution
		Debug|Any CPU = Debug|Any CPU
		Release|Any CPU = Release|Any CPU
	EndGlobalSection
	GlobalSection(ProjectConfigurationPlatforms) = postSolution
		{C7DF0277-8124-0D41-293B-00C6DCB6409E}.Debug|Any CPU.ActiveCfg = Debug|Any CPU
		{C7DF0277-8124-0D41-293B-00C6DCB6409E}.Debug|Any CPU.Build.0 = Debug|Any CPU
		{C7DF0277-8124-0D41-293B-00C6DCB6409E}.Release|Any CPU.ActiveCfg = Release|Any CPU
		{C7DF0277-8124-0D41-293B-00C6DCB6409E}.Release|Any CPU.Build.0 = Release|Any CPU
		{73B3196B-D7C6-4752-DAC5-8C7AB91C2D21}.Debug|Any CPU.ActiveCfg = Debug|Any CPU
		{73B3196B-D7C6-4752-DAC5-8C7AB91C2D21}.Debug|Any CPU.Build.0 = Debug|Any CPU
		{73B3196B-D7C6-4752-DAC5-8C7AB91C2D21}.Release|Any CPU.ActiveCfg = Release|Any CPU
		{73B3196B-D7C6-4752-DAC5-8C7AB91C2D21}.Release|Any CPU.Build.0 = Release|Any CPU
	EndGlobalSection
	GlobalSection(SolutionProperties) = preSolution
		HideSolutionNode = FALSE
	EndGlobalSection
	GlobalSection(MonoDevelopProperties) = preSolution
		StartupItem = Assembly-CSharp.csproj
	EndGlobalSection
EndGlobal
